
Microsoft Visual Studio Solution File, Format Version 12.00
# Visual Studio Version 17
VisualStudioVersion = 17.5.33502.453
MinimumVisualStudioVersion = 10.0.40219.1
Project("{FAE04EC0-301F-11D3-BF4B-00C04F79EFBC}") = "lab9_Shevchenko", "lab9_Shevchenko\lab9_Shevchenko.csproj", "{D2712C1F-9899-4E2F-BF8D-EFABFD384B40}"
EndProject
Global
	GlobalSection(SolutionConfigurationPlatforms) = preSolution
		Debug|Any CPU = Debug|Any CPU
		Release|Any CPU = Release|Any CPU
	EndGlobalSection
	GlobalSection(ProjectConfigurationPlatforms) = postSolution
		{D2712C1F-9899-4E2F-BF8D-EFABFD384B40}.Debug|Any CPU.ActiveCfg = Debug|Any CPU
		{D2712C1F-9899-4E2F-BF8D-EFABFD384B40}.Debug|Any CPU.Build.0 = Debug|Any CPU
		{D2712C1F-9899-4E2F-BF8D-EFABFD384B40}.Release|Any CPU.ActiveCfg = Release|Any CPU
		{D2712C1F-9899-4E2F-BF8D-EFABFD384B40}.Release|Any CPU.Build.0 = Release|Any CPU
	EndGlobalSection
	GlobalSection(SolutionProperties) = preSolution
		HideSolutionNode = FALSE
	EndGlobalSection
	GlobalSection(ExtensibilityGlobals) = postSolution
		SolutionGuid = {72ABF0AE-41D2-4C22-8EA9-7AC30C9D1D06}
	EndGlobalSection
EndGlobal
